
Microsoft Visual Studio Solution File, Format Version 12.00
# Visual Studio Version 17
VisualStudioVersion = 17.0.31903.59
MinimumVisualStudioVersion = 10.0.40219.1
Project("{FAE04EC0-301F-11D3-BF4B-00C04F79EFBC}") = "db", "db\db.csproj", "{F79D4FA8-0416-454B-94AC-B74F72BF17B5}"
EndProject
Project("{FAE04EC0-301F-11D3-BF4B-00C04F79EFBC}") = "tests", "tests\tests.csproj", "{73400392-5572-4DFE-866D-DA8E2105EECC}"
EndProject
Global
	GlobalSection(SolutionConfigurationPlatforms) = preSolution
		Debug|Any CPU = Debug|Any CPU
		Release|Any CPU = Release|Any CPU
	EndGlobalSection
	GlobalSection(SolutionProperties) = preSolution
		HideSolutionNode = FALSE
	EndGlobalSection
	GlobalSection(ProjectConfigurationPlatforms) = postSolution
		{F79D4FA8-0416-454B-94AC-B74F72BF17B5}.Debug|Any CPU.ActiveCfg = Debug|Any CPU
		{F79D4FA8-0416-454B-94AC-B74F72BF17B5}.Debug|Any CPU.Build.0 = Debug|Any CPU
		{F79D4FA8-0416-454B-94AC-B74F72BF17B5}.Release|Any CPU.ActiveCfg = Release|Any CPU
		{F79D4FA8-0416-454B-94AC-B74F72BF17B5}.Release|Any CPU.Build.0 = Release|Any CPU
		{73400392-5572-4DFE-866D-DA8E2105EECC}.Debug|Any CPU.ActiveCfg = Debug|Any CPU
		{73400392-5572-4DFE-866D-DA8E2105EECC}.Debug|Any CPU.Build.0 = Debug|Any CPU
		{73400392-5572-4DFE-866D-DA8E2105EECC}.Release|Any CPU.ActiveCfg = Release|Any CPU
		{73400392-5572-4DFE-866D-DA8E2105EECC}.Release|Any CPU.Build.0 = Release|Any CPU
	EndGlobalSection
EndGlobal
